
Microsoft Visual Studio Solution File, Format Version 12.00
# Visual Studio Version 17
VisualStudioVersion = 17.6.33815.320
MinimumVisualStudioVersion = 10.0.40219.1
Project("{FAE04EC0-301F-11D3-BF4B-00C04F79EFBC}") = "VillaApi", "VillaApi\VillaApi.csproj", "{B48F474B-101C-48FB-A13B-6D1981CA5A99}"
EndProject
Global
	GlobalSection(SolutionConfigurationPlatforms) = preSolution
		Debug|Any CPU = Debug|Any CPU
		Release|Any CPU = Release|Any CPU
	EndGlobalSection
	GlobalSection(ProjectConfigurationPlatforms) = postSolution
		{B48F474B-101C-48FB-A13B-6D1981CA5A99}.Debug|Any CPU.ActiveCfg = Debug|Any CPU
		{B48F474B-101C-48FB-A13B-6D1981CA5A99}.Debug|Any CPU.Build.0 = Debug|Any CPU
		{B48F474B-101C-48FB-A13B-6D1981CA5A99}.Release|Any CPU.ActiveCfg = Release|Any CPU
		{B48F474B-101C-48FB-A13B-6D1981CA5A99}.Release|Any CPU.Build.0 = Release|Any CPU
	EndGlobalSection
	GlobalSection(SolutionProperties) = preSolution
		HideSolutionNode = FALSE
	EndGlobalSection
	GlobalSection(ExtensibilityGlobals) = postSolution
		SolutionGuid = {CE8F469A-7CDF-4F89-91BC-A4D720E991DF}
	EndGlobalSection
EndGlobal
